
Microsoft Visual Studio Solution File, Format Version 12.00
# Visual Studio Version 16
VisualStudioVersion = 16.0.29519.181
MinimumVisualStudioVersion = 10.0.40219.1
Project("{FAE04EC0-301F-11D3-BF4B-00C04F79EFBC}") = "KTWebApi", "KTWebApi.csproj", "{60CE8C6E-464C-4A20-92DF-CCD8CE34B3A9}"
EndProject
Global
	GlobalSection(SolutionConfigurationPlatforms) = preSolution
		Debug|Any CPU = Debug|Any CPU
		Release|Any CPU = Release|Any CPU
	EndGlobalSection
	GlobalSection(ProjectConfigurationPlatforms) = postSolution
		{60CE8C6E-464C-4A20-92DF-CCD8CE34B3A9}.Debug|Any CPU.ActiveCfg = Debug|Any CPU
		{60CE8C6E-464C-4A20-92DF-CCD8CE34B3A9}.Debug|Any CPU.Build.0 = Debug|Any CPU
		{60CE8C6E-464C-4A20-92DF-CCD8CE34B3A9}.Release|Any CPU.ActiveCfg = Release|Any CPU
		{60CE8C6E-464C-4A20-92DF-CCD8CE34B3A9}.Release|Any CPU.Build.0 = Release|Any CPU
	EndGlobalSection
	GlobalSection(SolutionProperties) = preSolution
		HideSolutionNode = FALSE
	EndGlobalSection
	GlobalSection(ExtensibilityGlobals) = postSolution
		SolutionGuid = {8BD7B132-CAA0-4E3C-A874-C04BCB1D564C}
	EndGlobalSection
EndGlobal
